
Microsoft Visual Studio Solution File, Format Version 12.00
Project("{2150E333-8FDC-42A3-9474-1A3956D46DE8}") = "_RepositoryItems", "_RepositoryItems", "{08DDABC7-758F-4D36-830D-1C4E6A427FDB}"
	ProjectSection(SolutionItems) = preProject
		.gitignore = .gitignore
		README.md = README.md
		LICENSE = LICENSE
	EndProjectSection
EndProject
Project("{2150E333-8FDC-42A3-9474-1A3956D46DE8}") = "src", "src", "{906EA7E3-BFAE-4B95-856D-4B681E552907}"
EndProject
Project("{2150E333-8FDC-42A3-9474-1A3956D46DE8}") = "Backend", "Backend", "{4EE649F6-E44C-482A-9F13-6D9CD470D3D0}"
EndProject
Project("{FAE04EC0-301F-11D3-BF4B-00C04F79EFBC}") = "MediApp.Application", "src\Backend\MediApp.Application\MediApp.Application.csproj", "{BE9CBE95-C430-43CF-9FE0-92D6B214BDBA}"
EndProject
Project("{FAE04EC0-301F-11D3-BF4B-00C04F79EFBC}") = "MediApp.Infrastructure", "src\Backend\MediApp.Infrastructure\MediApp.Infrastructure.csproj", "{3C1BBE02-1899-4862-A3C0-9173B5929397}"
EndProject
Project("{FAE04EC0-301F-11D3-BF4B-00C04F79EFBC}") = "MediApp.Api", "src\Backend\MediApp.Api\MediApp.Api.csproj", "{FEB66D07-DB47-41C3-9583-DDD99DB93036}"
EndProject
Project("{FAE04EC0-301F-11D3-BF4B-00C04F79EFBC}") = "MediApp", "src\Backend\MediApp\MediApp.csproj", "{7CFF4C39-93AF-4E16-8C7C-1EFF646EFE85}"
EndProject
Project("{2150E333-8FDC-42A3-9474-1A3956D46DE8}") = "Shared", "Shared", "{D0AD8C33-8CEE-41FC-A6C1-E7F558D69F01}"
EndProject
Project("{FAE04EC0-301F-11D3-BF4B-00C04F79EFBC}") = "MediApp.Contract", "src\Shared\MediApp.Contract\MediApp.Contract.csproj", "{F3DF1785-2D45-4155-A095-D07F484FC7CF}"
EndProject
Project("{FAE04EC0-301F-11D3-BF4B-00C04F79EFBC}") = "MediApp.Domain", "src\Shared\MediApp.Domain\MediApp.Domain.csproj", "{1F967B1D-0A85-4A11-93A4-062B3254B71F}"
EndProject
Global
	GlobalSection(SolutionConfigurationPlatforms) = preSolution
		Debug|Any CPU = Debug|Any CPU
		Release|Any CPU = Release|Any CPU
	EndGlobalSection
	GlobalSection(NestedProjects) = preSolution
		{4EE649F6-E44C-482A-9F13-6D9CD470D3D0} = {906EA7E3-BFAE-4B95-856D-4B681E552907}
		{BE9CBE95-C430-43CF-9FE0-92D6B214BDBA} = {4EE649F6-E44C-482A-9F13-6D9CD470D3D0}
		{3C1BBE02-1899-4862-A3C0-9173B5929397} = {4EE649F6-E44C-482A-9F13-6D9CD470D3D0}
		{FEB66D07-DB47-41C3-9583-DDD99DB93036} = {4EE649F6-E44C-482A-9F13-6D9CD470D3D0}
		{7CFF4C39-93AF-4E16-8C7C-1EFF646EFE85} = {4EE649F6-E44C-482A-9F13-6D9CD470D3D0}
		{D0AD8C33-8CEE-41FC-A6C1-E7F558D69F01} = {906EA7E3-BFAE-4B95-856D-4B681E552907}
		{F3DF1785-2D45-4155-A095-D07F484FC7CF} = {D0AD8C33-8CEE-41FC-A6C1-E7F558D69F01}
		{1F967B1D-0A85-4A11-93A4-062B3254B71F} = {D0AD8C33-8CEE-41FC-A6C1-E7F558D69F01}
	EndGlobalSection
	GlobalSection(ProjectConfigurationPlatforms) = postSolution
		{1F967B1D-0A85-4A11-93A4-062B3254B71F}.Debug|Any CPU.ActiveCfg = Debug|Any CPU
		{1F967B1D-0A85-4A11-93A4-062B3254B71F}.Debug|Any CPU.Build.0 = Debug|Any CPU
		{1F967B1D-0A85-4A11-93A4-062B3254B71F}.Release|Any CPU.ActiveCfg = Release|Any CPU
		{1F967B1D-0A85-4A11-93A4-062B3254B71F}.Release|Any CPU.Build.0 = Release|Any CPU
		{BE9CBE95-C430-43CF-9FE0-92D6B214BDBA}.Debug|Any CPU.ActiveCfg = Debug|Any CPU
		{BE9CBE95-C430-43CF-9FE0-92D6B214BDBA}.Debug|Any CPU.Build.0 = Debug|Any CPU
		{BE9CBE95-C430-43CF-9FE0-92D6B214BDBA}.Release|Any CPU.ActiveCfg = Release|Any CPU
		{BE9CBE95-C430-43CF-9FE0-92D6B214BDBA}.Release|Any CPU.Build.0 = Release|Any CPU
		{3C1BBE02-1899-4862-A3C0-9173B5929397}.Debug|Any CPU.ActiveCfg = Debug|Any CPU
		{3C1BBE02-1899-4862-A3C0-9173B5929397}.Debug|Any CPU.Build.0 = Debug|Any CPU
		{3C1BBE02-1899-4862-A3C0-9173B5929397}.Release|Any CPU.ActiveCfg = Release|Any CPU
		{3C1BBE02-1899-4862-A3C0-9173B5929397}.Release|Any CPU.Build.0 = Release|Any CPU
		{FEB66D07-DB47-41C3-9583-DDD99DB93036}.Debug|Any CPU.ActiveCfg = Debug|Any CPU
		{FEB66D07-DB47-41C3-9583-DDD99DB93036}.Debug|Any CPU.Build.0 = Debug|Any CPU
		{FEB66D07-DB47-41C3-9583-DDD99DB93036}.Release|Any CPU.ActiveCfg = Release|Any CPU
		{FEB66D07-DB47-41C3-9583-DDD99DB93036}.Release|Any CPU.Build.0 = Release|Any CPU
		{7CFF4C39-93AF-4E16-8C7C-1EFF646EFE85}.Debug|Any CPU.ActiveCfg = Debug|Any CPU
		{7CFF4C39-93AF-4E16-8C7C-1EFF646EFE85}.Debug|Any CPU.Build.0 = Debug|Any CPU
		{7CFF4C39-93AF-4E16-8C7C-1EFF646EFE85}.Release|Any CPU.ActiveCfg = Release|Any CPU
		{7CFF4C39-93AF-4E16-8C7C-1EFF646EFE85}.Release|Any CPU.Build.0 = Release|Any CPU
		{F3DF1785-2D45-4155-A095-D07F484FC7CF}.Debug|Any CPU.ActiveCfg = Debug|Any CPU
		{F3DF1785-2D45-4155-A095-D07F484FC7CF}.Debug|Any CPU.Build.0 = Debug|Any CPU
		{F3DF1785-2D45-4155-A095-D07F484FC7CF}.Release|Any CPU.ActiveCfg = Release|Any CPU
		{F3DF1785-2D45-4155-A095-D07F484FC7CF}.Release|Any CPU.Build.0 = Release|Any CPU
	EndGlobalSection
EndGlobal
